Microsoft Visual Studio Solution File, Format Version 12.00
# Visual Studio Version 17
VisualStudioVersion = 17.5.2.0
MinimumVisualStudioVersion = 10.0.40219.1
Project("{FAE04EC0-301F-11D3-BF4B-00C04F79EFBC}") = "EventEaseApp2", "EventEaseApp2.csproj", "{5EA7E313-B7BE-798A-55E6-39349937C7CF}"
EndProject
Global
	GlobalSection(SolutionConfigurationPlatforms) = preSolution
		Debug|Any CPU = Debug|Any CPU
		Release|Any CPU = Release|Any CPU
	EndGlobalSection
	GlobalSection(ProjectConfigurationPlatforms) = postSolution
		{5EA7E313-B7BE-798A-55E6-39349937C7CF}.Debug|Any CPU.ActiveCfg = Debug|Any CPU
		{5EA7E313-B7BE-798A-55E6-39349937C7CF}.Debug|Any CPU.Build.0 = Debug|Any CPU
		{5EA7E313-B7BE-798A-55E6-39349937C7CF}.Release|Any CPU.ActiveCfg = Release|Any CPU
		{5EA7E313-B7BE-798A-55E6-39349937C7CF}.Release|Any CPU.Build.0 = Release|Any CPU
	EndGlobalSection
	GlobalSection(SolutionProperties) = preSolution
		HideSolutionNode = FALSE
	EndGlobalSection
	GlobalSection(ExtensibilityGlobals) = postSolution
		SolutionGuid = {546E27D2-2E56-457C-8FF4-42F535FF3741}
	EndGlobalSection
EndGlobal
